{
    "version": 3,
    "terraform_version": "0.11.8",
    "serial": 5,
    "lineage": "e1051c2e-8bb3-d311-88a1-a9167fcb3242",
    "modules": [
        {
            "path": [
                "root"
            ],
            "outputs": {
                "server-private-addresses": {
                    "sensitive": false,
                    "type": "list",
                    "value": [
                        "172.31.45.189"
                    ]
                },
                "server-public-addresses": {
                    "sensitive": false,
                    "type": "list",
                    "value": [
                        "18.222.255.87"
                    ]
                }
            },
            "resources": {
                "aws_instance.mvp-server": {
                    "type": "aws_instance",
                    "depends_on": [
                        "aws_security_group.mvp-server-sg"
                    ],
                    "primary": {
                        "id": "i-097602d40289b7d6c",
                        "attributes": {
                            "ami": "ami-0303c7b2e7066b60d",
                            "arn": "arn:aws:ec2:us-east-2:534388333399:instance/i-097602d40289b7d6c",
                            "associate_public_ip_address": "true",
                            "availability_zone": "us-east-2c",
                            "cpu_core_count": "1",
                            "cpu_threads_per_core": "1",
                            "credit_specification.#": "1",
                            "credit_specification.0.cpu_credits": "standard",
                            "disable_api_termination": "false",
                            "ebs_block_device.#": "0",
                            "ebs_optimized": "false",
                            "ephemeral_block_device.#": "0",
                            "get_password_data": "false",
                            "iam_instance_profile": "",
                            "id": "i-097602d40289b7d6c",
                            "instance_state": "running",
                            "instance_type": "t2.micro",
                            "ipv6_addresses.#": "0",
                            "key_name": "jKey",
                            "monitoring": "false",
                            "network_interface.#": "0",
                            "network_interface_id": "eni-0f536e1e254628938",
                            "password_data": "",
                            "placement_group": "",
                            "primary_network_interface_id": "eni-0f536e1e254628938",
                            "private_dns": "ip-172-31-45-189.us-east-2.compute.internal",
                            "private_ip": "172.31.45.189",
                            "public_dns": "ec2-18-222-255-87.us-east-2.compute.amazonaws.com",
                            "public_ip": "18.222.255.87",
                            "root_block_device.#": "1",
                            "root_block_device.0.delete_on_termination": "true",
                            "root_block_device.0.iops": "100",
                            "root_block_device.0.volume_id": "vol-02cb6ab6343c5b701",
                            "root_block_device.0.volume_size": "8",
                            "root_block_device.0.volume_type": "gp2",
                            "security_groups.#": "1",
                            "security_groups.1229055843": "mvp-server-sg",
                            "source_dest_check": "true",
                            "subnet_id": "subnet-f175b0bd",
                            "tags.%": "1",
                            "tags.Name": "mvp-server",
                            "tenancy": "default",
                            "volume_tags.%": "0",
                            "vpc_security_group_ids.#": "1",
                            "vpc_security_group_ids.3480507602": "sg-0f62bb08d511027c7"
                        },
                        "meta": {
                            "e2bfb730-ecaa-11e6-8f88-34363bc7c4c0": {
                                "create": 600000000000,
                                "delete": 1200000000000,
                                "update": 600000000000
                            },
                            "schema_version": "1"
                        },
                        "tainted": false
                    },
                    "deposed": [],
                    "provider": "provider.aws"
                },
                "aws_security_group.mvp-server-sg": {
                    "type": "aws_security_group",
                    "depends_on": [],
                    "primary": {
                        "id": "sg-0f62bb08d511027c7",
                        "attributes": {
                            "arn": "arn:aws:ec2:us-east-2:534388333399:security-group/sg-0f62bb08d511027c7",
                            "description": "Security group for mvp server",
                            "egress.#": "1",
                            "egress.482069346.cidr_blocks.#": "1",
                            "egress.482069346.cidr_blocks.0": "0.0.0.0/0",
                            "egress.482069346.description": "",
                            "egress.482069346.from_port": "0",
                            "egress.482069346.ipv6_cidr_blocks.#": "0",
                            "egress.482069346.prefix_list_ids.#": "0",
                            "egress.482069346.protocol": "-1",
                            "egress.482069346.security_groups.#": "0",
                            "egress.482069346.self": "false",
                            "egress.482069346.to_port": "0",
                            "id": "sg-0f62bb08d511027c7",
                            "ingress.#": "3",
                            "ingress.1994621032.cidr_blocks.#": "1",
                            "ingress.1994621032.cidr_blocks.0": "0.0.0.0/0",
                            "ingress.1994621032.description": "",
                            "ingress.1994621032.from_port": "3000",
                            "ingress.1994621032.ipv6_cidr_blocks.#": "0",
                            "ingress.1994621032.prefix_list_ids.#": "0",
                            "ingress.1994621032.protocol": "tcp",
                            "ingress.1994621032.security_groups.#": "0",
                            "ingress.1994621032.self": "false",
                            "ingress.1994621032.to_port": "3000",
                            "ingress.2214680975.cidr_blocks.#": "1",
                            "ingress.2214680975.cidr_blocks.0": "0.0.0.0/0",
                            "ingress.2214680975.description": "",
                            "ingress.2214680975.from_port": "80",
                            "ingress.2214680975.ipv6_cidr_blocks.#": "0",
                            "ingress.2214680975.prefix_list_ids.#": "0",
                            "ingress.2214680975.protocol": "tcp",
                            "ingress.2214680975.security_groups.#": "0",
                            "ingress.2214680975.self": "false",
                            "ingress.2214680975.to_port": "80",
                            "ingress.2541437006.cidr_blocks.#": "1",
                            "ingress.2541437006.cidr_blocks.0": "0.0.0.0/0",
                            "ingress.2541437006.description": "",
                            "ingress.2541437006.from_port": "22",
                            "ingress.2541437006.ipv6_cidr_blocks.#": "0",
                            "ingress.2541437006.prefix_list_ids.#": "0",
                            "ingress.2541437006.protocol": "tcp",
                            "ingress.2541437006.security_groups.#": "0",
                            "ingress.2541437006.self": "false",
                            "ingress.2541437006.to_port": "22",
                            "name": "mvp-server-sg",
                            "owner_id": "534388333399",
                            "revoke_rules_on_delete": "false",
                            "tags.%": "0",
                            "vpc_id": "vpc-14734c7c"
                        },
                        "meta": {
                            "e2bfb730-ecaa-11e6-8f88-34363bc7c4c0": {
                                "create": 600000000000,
                                "delete": 600000000000
                            },
                            "schema_version": "1"
                        },
                        "tainted": false
                    },
                    "deposed": [],
                    "provider": "provider.aws"
                }
            },
            "depends_on": []
        }
    ]
}
